// !$*UTF8*$!
{
	archiveVersion = 1;
	classes = {
	};
	objectVersion = 56;
	objects = {

/* Begin PBXBuildFile section */
		70FDE67E299285AC00765DD1 /* AppDelegate.swift in Sources */ = {isa = PBXBuildFile; fileRef = 70FDE67D299285AC00765DD1 /* AppDelegate.swift */; };
		70FDE680299285AC00765DD1 /* SceneDelegate.swift in Sources */ = {isa = PBXBuildFile; fileRef = 70FDE67F299285AC00765DD1 /* SceneDelegate.swift */; };
		70FDE682299285AC00765DD1 /* ViewController.swift in Sources */ = {isa = PBXBuildFile; fileRef = 70FDE681299285AC00765DD1 /* ViewController.swift */; };
		70FDE685299285AC00765DD1 /* Main.storyboard in Resources */ = {isa = PBXBuildFile; fileRef = 70FDE683299285AC00765DD1 /* Main.storyboard */; };
		70FDE687299285AD00765DD1 /* Assets.xcassets in Resources */ = {isa = PBXBuildFile; fileRef = 70FDE686299285AD00765DD1 /* Assets.xcassets */; };
		70FDE68A299285AD00765DD1 /* LaunchScreen.storyboard in Resources */ = {isa = PBXBuildFile; fileRef = 70FDE688299285AD00765DD1 /* LaunchScreen.storyboard */; };
		70FDE695299285AD00765DD1 /* BoxOfficeTests.swift in Sources */ = {isa = PBXBuildFile; fileRef = 70FDE694299285AD00765DD1 /* BoxOfficeTests.swift */; };
		70FDE69F299285AD00765DD1 /* BoxOfficeUITests.swift in Sources */ = {isa = PBXBuildFile; fileRef = 70FDE69E299285AD00765DD1 /* BoxOfficeUITests.swift */; };
		70FDE6A1299285AD00765DD1 /* BoxOfficeUITestsLaunchTests.swift in Sources */ = {isa = PBXBuildFile; fileRef = 70FDE6A0299285AD00765DD1 /* BoxOfficeUITestsLaunchTests.swift */; };
/* End PBXBuildFile section */

/* Begin PBXContainerItemProxy section */
		70FDE691299285AD00765DD1 /* PBXContainerItemProxy */ = {
			isa = PBXContainerItemProxy;
			containerPortal = 70FDE672299285AC00765DD1 /* Project object */;
			proxyType = 1;
			remoteGlobalIDString = 70FDE679299285AC00765DD1;
			remoteInfo = BoxOffice;
		};
		70FDE69B299285AD00765DD1 /* PBXContainerItemProxy */ = {
			isa = PBXContainerItemProxy;
			containerPortal = 70FDE672299285AC00765DD1 /* Project object */;
			proxyType = 1;
			remoteGlobalIDString = 70FDE679299285AC00765DD1;
			remoteInfo = BoxOffice;
		};
/* End PBXContainerItemProxy section */

/* Begin PBXFileReference section */
		70FDE67A299285AC00765DD1 /* BoxOffice.app */ = {isa = PBXFileReference; explicitFileType = wrapper.application; includeInIndex = 0; path = BoxOffice.app; sourceTree = BUILT_PRODUCTS_DIR; };
		70FDE67D299285AC00765DD1 /* AppDelegate.swift */ = {isa = PBXFileReference; lastKnownFileType = sourcecode.swift; path = AppDelegate.swift; sourceTree = "<group>"; };
		70FDE67F299285AC00765DD1 /* SceneDelegate.swift */ = {isa = PBXFileReference; lastKnownFileType = sourcecode.swift; path = SceneDelegate.swift; sourceTree = "<group>"; };
		70FDE681299285AC00765DD1 /* ViewController.swift */ = {isa = PBXFileReference; lastKnownFileType = sourcecode.swift; path = ViewController.swift; sourceTree = "<group>"; };
		70FDE684299285AC00765DD1 /* Base */ = {isa = PBXFileReference; lastKnownFileType = file.storyboard; name = Base; path = Base.lproj/Main.storyboard; sourceTree = "<group>"; };
		70FDE686299285AD00765DD1 /* Assets.xcassets */ = {isa = PBXFileReference; lastKnownFileType = folder.assetcatalog; path = Assets.xcassets; sourceTree = "<group>"; };
		70FDE689299285AD00765DD1 /* Base */ = {isa = PBXFileReference; lastKnownFileType = file.storyboard; name = Base; path = Base.lproj/LaunchScreen.storyboard; sourceTree = "<group>"; };
		70FDE68B299285AD00765DD1 /* Info.plist */ = {isa = PBXFileReference; lastKnownFileType = text.plist.xml; path = Info.plist; sourceTree = "<group>"; };
		70FDE690299285AD00765DD1 /* BoxOfficeTests.xctest */ = {isa = PBXFileReference; explicitFileType = wrapper.cfbundle; includeInIndex = 0; path = BoxOfficeTests.xctest; sourceTree = BUILT_PRODUCTS_DIR; };
		70FDE694299285AD00765DD1 /* BoxOfficeTests.swift */ = {isa = PBXFileReference; lastKnownFileType = sourcecode.swift; path = BoxOfficeTests.swift; sourceTree = "<group>"; };
		70FDE69A299285AD00765DD1 /* BoxOfficeUITests.xctest */ = {isa = PBXFileReference; explicitFileType = wrapper.cfbundle; includeInIndex = 0; path = BoxOfficeUITests.xctest; sourceTree = BUILT_PRODUCTS_DIR; };
		70FDE69E299285AD00765DD1 /* BoxOfficeUITests.swift */ = {isa = PBXFileReference; lastKnownFileType = sourcecode.swift; path = BoxOfficeUITests.swift; sourceTree = "<group>"; };
		70FDE6A0299285AD00765DD1 /* BoxOfficeUITestsLaunchTests.swift */ = {isa = PBXFileReference; lastKnownFileType = sourcecode.swift; path = BoxOfficeUITestsLaunchTests.swift; sourceTree = "<group>"; };
/* End PBXFileReference section */

/* Begin PBXFrameworksBuildPhase section */
		70FDE677299285AC00765DD1 /* Frameworks */ = {
			isa = PBXFrameworksBuildPhase;
			buildActionMask = 2147483647;
			files = (
			);
			runOnlyForDeploymentPostprocessing = 0;
		};
		70FDE68D299285AD00765DD1 /* Frameworks */ = {
			isa = PBXFrameworksBuildPhase;
			buildActionMask = 2147483647;
			files = (
			);
			runOnlyForDeploymentPostprocessing = 0;
		};
		70FDE697299285AD00765DD1 /* Frameworks */ = {
			isa = PBXFrameworksBuildPhase;
			buildActionMask = 2147483647;
			files = (
			);
			runOnlyForDeploymentPostprocessing = 0;
		};
/* End PBXFrameworksBuildPhase section */

/* Begin PBXGroup section */
		70FDE671299285AC00765DD1 = {
			isa = PBXGroup;
			children = (
				70FDE67C299285AC00765DD1 /* BoxOffice */,
				70FDE693299285AD00765DD1 /* BoxOfficeTests */,
				70FDE69D299285AD00765DD1 /* BoxOfficeUITests */,
				70FDE67B299285AC00765DD1 /* Products */,
			);
			sourceTree = "<group>";
		};
		70FDE67B299285AC00765DD1 /* Products */ = {
			isa = PBXGroup;
			children = (
				70FDE67A299285AC00765DD1 /* BoxOffice.app */,
				70FDE690299285AD00765DD1 /* BoxOfficeTests.xctest */,
				70FDE69A299285AD00765DD1 /* BoxOfficeUITests.xctest */,
			);
			name = Products;
			sourceTree = "<group>";
		};
		70FDE67C299285AC00765DD1 /* BoxOffice */ = {
			isa = PBXGroup;
			children = (
				70FDE67D299285AC00765DD1 /* AppDelegate.swift */,
				70FDE67F299285AC00765DD1 /* SceneDelegate.swift */,
				70FDE681299285AC00765DD1 /* ViewController.swift */,
				70FDE683299285AC00765DD1 /* Main.storyboard */,
				70FDE686299285AD00765DD1 /* Assets.xcassets */,
				70FDE688299285AD00765DD1 /* LaunchScreen.storyboard */,
				70FDE68B299285AD00765DD1 /* Info.plist */,
			);
			path = BoxOffice;
			sourceTree = "<group>";
		};
		70FDE693299285AD00765DD1 /* BoxOfficeTests */ = {
			isa = PBXGroup;
			children = (
				70FDE694299285AD00765DD1 /* BoxOfficeTests.swift */,
			);
			path = BoxOfficeTests;
			sourceTree = "<group>";
		};
		70FDE69D299285AD00765DD1 /* BoxOfficeUITests */ = {
			isa = PBXGroup;
			children = (
				70FDE69E299285AD00765DD1 /* BoxOfficeUITests.swift */,
				70FDE6A0299285AD00765DD1 /* BoxOfficeUITestsLaunchTests.swift */,
			);
			path = BoxOfficeUITests;
			sourceTree = "<group>";
		};
/* End PBXGroup section */

/* Begin PBXNativeTarget section */
		70FDE679299285AC00765DD1 /* BoxOffice */ = {
			isa = PBXNativeTarget;
			buildConfigurationList = 70FDE6A4299285AD00765DD1 /* Build configuration list for PBXNativeTarget "BoxOffice" */;
			buildPhases = (
				70FDE676299285AC00765DD1 /* Sources */,
				70FDE677299285AC00765DD1 /* Frameworks */,
				70FDE678299285AC00765DD1 /* Resources */,
			);
			buildRules = (
			);
			dependencies = (
			);
			name = BoxOffice;
			productName = BoxOffice;
			productReference = 70FDE67A299285AC00765DD1 /* BoxOffice.app */;
			productType = "com.apple.product-type.application";
		};
		70FDE68F299285AD00765DD1 /* BoxOfficeTests */ = {
			isa = PBXNativeTarget;
			buildConfigurationList = 70FDE6A7299285AD00765DD1 /* Build configuration list for PBXNativeTarget "BoxOfficeTests" */;
			buildPhases = (
				70FDE68C299285AD00765DD1 /* Sources */,
				70FDE68D299285AD00765DD1 /* Frameworks */,
				70FDE68E299285AD00765DD1 /* Resources */,
			);
			buildRules = (
			);
			dependencies = (
				70FDE692299285AD00765DD1 /* PBXTargetDependency */,
			);
			name = BoxOfficeTests;
			productName = BoxOfficeTests;
			productReference = 70FDE690299285AD00765DD1 /* BoxOfficeTests.xctest */;
			productType = "com.apple.product-type.bundle.unit-test";
		};
		70FDE699299285AD00765DD1 /* BoxOfficeUITests */ = {
			isa = PBXNativeTarget;
			buildConfigurationList = 70FDE6AA299285AD00765DD1 /* Build configuration list for PBXNativeTarget "BoxOfficeUITests" */;
			buildPhases = (
				70FDE696299285AD00765DD1 /* Sources */,
				70FDE697299285AD00765DD1 /* Frameworks */,
				70FDE698299285AD00765DD1 /* Resources */,
			);
			buildRules = (
			);
			dependencies = (
				70FDE69C299285AD00765DD1 /* PBXTargetDependency */,
			);
			name = BoxOfficeUITests;
			productName = BoxOfficeUITests;
			productReference = 70FDE69A299285AD00765DD1 /* BoxOfficeUITests.xctest */;
			productType = "com.apple.product-type.bundle.ui-testing";
		};
/* End PBXNativeTarget section */

/* Begin PBXProject section */
		70FDE672299285AC00765DD1 /* Project object */ = {
			isa = PBXProject;
			attributes = {
				BuildIndependentTargetsInParallel = 1;
				LastSwiftUpdateCheck = 1420;
				LastUpgradeCheck = 1420;
				TargetAttributes = {
					70FDE679299285AC00765DD1 = {
						CreatedOnToolsVersion = 14.2;
					};
					70FDE68F299285AD00765DD1 = {
						CreatedOnToolsVersion = 14.2;
						TestTargetID = 70FDE679299285AC00765DD1;
					};
					70FDE699299285AD00765DD1 = {
						CreatedOnToolsVersion = 14.2;
						TestTargetID = 70FDE679299285AC00765DD1;
					};
				};
			};
			buildConfigurationList = 70FDE675299285AC00765DD1 /* Build configuration list for PBXProject "BoxOffice" */;
			compatibilityVersion = "Xcode 14.0";
			developmentRegion = en;
			hasScannedForEncodings = 0;
			knownRegions = (
				en,
				Base,
			);
			mainGroup = 70FDE671299285AC00765DD1;
			productRefGroup = 70FDE67B299285AC00765DD1 /* Products */;
			projectDirPath = "";
			projectRoot = "";
			targets = (
				70FDE679299285AC00765DD1 /* BoxOffice */,
				70FDE68F299285AD00765DD1 /* BoxOfficeTests */,
				70FDE699299285AD00765DD1 /* BoxOfficeUITests */,
			);
		};
/* End PBXProject section */

/* Begin PBXResourcesBuildPhase section */
		70FDE678299285AC00765DD1 /* Resources */ = {
			isa = PBXResourcesBuildPhase;
			buildActionMask = 2147483647;
			files = (
				70FDE68A299285AD00765DD1 /* LaunchScreen.storyboard in Resources */,
				70FDE687299285AD00765DD1 /* Assets.xcassets in Resources */,
				70FDE685299285AC00765DD1 /* Main.storyboard in Resources */,
			);
			runOnlyForDeploymentPostprocessing = 0;
		};
		70FDE68E299285AD00765DD1 /* Resources */ = {
			isa = PBXResourcesBuildPhase;
			buildActionMask = 2147483647;
			files = (
			);
			runOnlyForDeploymentPostprocessing = 0;
		};
		70FDE698299285AD00765DD1 /* Resources */ = {
			isa = PBXResourcesBuildPhase;
			buildActionMask = 2147483647;
			files = (
			);
			runOnlyForDeploymentPostprocessing = 0;
		};
/* End PBXResourcesBuildPhase section */

/* Begin PBXSourcesBuildPhase section */
		70FDE676299285AC00765DD1 /* Sources */ = {
			isa = PBXSourcesBuildPhase;
			buildActionMask = 2147483647;
			files = (
				70FDE682299285AC00765DD1 /* ViewController.swift in Sources */,
				70FDE67E299285AC00765DD1 /* AppDelegate.swift in Sources */,
				70FDE680299285AC00765DD1 /* SceneDelegate.swift in Sources */,
			);
			runOnlyForDeploymentPostprocessing = 0;
		};
		70FDE68C299285AD00765DD1 /* Sources */ = {
			isa = PBXSourcesBuildPhase;
			buildActionMask = 2147483647;
			files = (
				70FDE695299285AD00765DD1 /* BoxOfficeTests.swift in Sources */,
			);
			runOnlyForDeploymentPostprocessing = 0;
		};
		70FDE696299285AD00765DD1 /* Sources */ = {
			isa = PBXSourcesBuildPhase;
			buildActionMask = 2147483647;
			files = (
				70FDE6A1299285AD00765DD1 /* BoxOfficeUITestsLaunchTests.swift in Sources */,
				70FDE69F299285AD00765DD1 /* BoxOfficeUITests.swift in Sources */,
			);
			runOnlyForDeploymentPostprocessing = 0;
		};
/* End PBXSourcesBuildPhase section */

/* Begin PBXTargetDependency section */
		70FDE692299285AD00765DD1 /* PBXTargetDependency */ = {
			isa = PBXTargetDependency;
			target = 70FDE679299285AC00765DD1 /* BoxOffice */;
			targetProxy = 70FDE691299285AD00765DD1 /* PBXContainerItemProxy */;
		};
		70FDE69C299285AD00765DD1 /* PBXTargetDependency */ = {
			isa = PBXTargetDependency;
			target = 70FDE679299285AC00765DD1 /* BoxOffice */;
			targetProxy = 70FDE69B299285AD00765DD1 /* PBXContainerItemProxy */;
		};
/* End PBXTargetDependency section */

/* Begin PBXVariantGroup section */
		70FDE683299285AC00765DD1 /* Main.storyboard */ = {
			isa = PBXVariantGroup;
			children = (
				70FDE684299285AC00765DD1 /* Base */,
			);
			name = Main.storyboard;
			sourceTree = "<group>";
		};
		70FDE688299285AD00765DD1 /* LaunchScreen.storyboard */ = {
			isa = PBXVariantGroup;
			children = (
				70FDE689299285AD00765DD1 /* Base */,
			);
			name = LaunchScreen.storyboard;
			sourceTree = "<group>";
		};
/* End PBXVariantGroup section */

/* Begin XCBuildConfiguration section */
		70FDE6A2299285AD00765DD1 /* Debug */ = {
			isa = XCBuildConfiguration;
			buildSettings = {
				ALWAYS_SEARCH_USER_PATHS = NO;
				CLANG_ANALYZER_NONNULL = YES;
				CLANG_ANALYZER_NUMBER_OBJECT_CONVERSION = YES_AGGRESSIVE;
				CLANG_CXX_LANGUAGE_STANDARD = "gnu++20";
				CLANG_ENABLE_MODULES = YES;
				CLANG_ENABLE_OBJC_ARC = YES;
				CLANG_ENABLE_OBJC_WEAK = YES;
				CLANG_WARN_BLOCK_CAPTURE_AUTORELEASING = YES;
				CLANG_WARN_BOOL_CONVERSION = YES;
				CLANG_WARN_COMMA = YES;
				CLANG_WARN_CONSTANT_CONVERSION = YES;
				CLANG_WARN_DEPRECATED_OBJC_IMPLEMENTATIONS = YES;
				CLANG_WARN_DIRECT_OBJC_ISA_USAGE = YES_ERROR;
				CLANG_WARN_DOCUMENTATION_COMMENTS = YES;
				CLANG_WARN_EMPTY_BODY = YES;
				CLANG_WARN_ENUM_CONVERSION = YES;
				CLANG_WARN_INFINITE_RECURSION = YES;
				CLANG_WARN_INT_CONVERSION = YES;
				CLANG_WARN_NON_LITERAL_NULL_CONVERSION = YES;
				CLANG_WARN_OBJC_IMPLICIT_RETAIN_SELF = YES;
				CLANG_WARN_OBJC_LITERAL_CONVERSION = YES;
				CLANG_WARN_OBJC_ROOT_CLASS = YES_ERROR;
				CLANG_WARN_QUOTED_INCLUDE_IN_FRAMEWORK_HEADER = YES;
				CLANG_WARN_RANGE_LOOP_ANALYSIS = YES;
				CLANG_WARN_STRICT_PROTOTYPES = YES;
				CLANG_WARN_SUSPICIOUS_MOVE = YES;
				CLANG_WARN_UNGUARDED_AVAILABILITY = YES_AGGRESSIVE;
				CLANG_WARN_UNREACHABLE_CODE = YES;
				CLANG_WARN__DUPLICATE_METHOD_MATCH = YES;
				COPY_PHASE_STRIP = NO;
				DEBUG_INFORMATION_FORMAT = dwarf;
				ENABLE_STRICT_OBJC_MSGSEND = YES;
				ENABLE_TESTABILITY = YES;
				GCC_C_LANGUAGE_STANDARD = gnu11;
				GCC_DYNAMIC_NO_PIC = NO;
				GCC_NO_COMMON_BLOCKS = YES;
				GCC_OPTIMIZATION_LEVEL = 0;
				GCC_PREPROCESSOR_DEFINITIONS = (
					"DEBUG=1",
					"$(inherited)",
				);
				GCC_WARN_64_TO_32_BIT_CONVERSION = YES;
				GCC_WARN_ABOUT_RETURN_TYPE = YES_ERROR;
				GCC_WARN_UNDECLARED_SELECTOR = YES;
				GCC_WARN_UNINITIALIZED_AUTOS = YES_AGGRESSIVE;
				GCC_WARN_UNUSED_FUNCTION = YES;
				GCC_WARN_UNUSED_VARIABLE = YES;
				IPHONEOS_DEPLOYMENT_TARGET = 16.2;
				MTL_ENABLE_DEBUG_INFO = INCLUDE_SOURCE;
				MTL_FAST_MATH = YES;
				ONLY_ACTIVE_ARCH = YES;
				SDKROOT = iphoneos;
				SWIFT_ACTIVE_COMPILATION_CONDITIONS = DEBUG;
				SWIFT_OPTIMIZATION_LEVEL = "-Onone";
			};
			name = Debug;
		};
		70FDE6A3299285AD00765DD1 /* Release */ = {
			isa = XCBuildConfiguration;
			buildSettings = {
				ALWAYS_SEARCH_USER_PATHS = NO;
				CLANG_ANALYZER_NONNULL = YES;
				CLANG_ANALYZER_NUMBER_OBJECT_CONVERSION = YES_AGGRESSIVE;
				CLANG_CXX_LANGUAGE_STANDARD = "gnu++20";
				CLANG_ENABLE_MODULES = YES;
				CLANG_ENABLE_OBJC_ARC = YES;
				CLANG_ENABLE_OBJC_WEAK = YES;
				CLANG_WARN_BLOCK_CAPTURE_AUTORELEASING = YES;
				CLANG_WARN_BOOL_CONVERSION = YES;
				CLANG_WARN_COMMA = YES;
				CLANG_WARN_CONSTANT_CONVERSION = YES;
				CLANG_WARN_DEPRECATED_OBJC_IMPLEMENTATIONS = YES;
				CLANG_WARN_DIRECT_OBJC_ISA_USAGE = YES_ERROR;
				CLANG_WARN_DOCUMENTATION_COMMENTS = YES;
				CLANG_WARN_EMPTY_BODY = YES;
				CLANG_WARN_ENUM_CONVERSION = YES;
				CLANG_WARN_INFINITE_RECURSION = YES;
				CLANG_WARN_INT_CONVERSION = YES;
				CLANG_WARN_NON_LITERAL_NULL_CONVERSION = YES;
				CLANG_WARN_OBJC_IMPLICIT_RETAIN_SELF = YES;
				CLANG_WARN_OBJC_LITERAL_CONVERSION = YES;
				CLANG_WARN_OBJC_ROOT_CLASS = YES_ERROR;
				CLANG_WARN_QUOTED_INCLUDE_IN_FRAMEWORK_HEADER = YES;
				CLANG_WARN_RANGE_LOOP_ANALYSIS = YES;
				CLANG_WARN_STRICT_PROTOTYPES = YES;
				CLANG_WARN_SUSPICIOUS_MOVE = YES;
				CLANG_WARN_UNGUARDED_AVAILABILITY = YES_AGGRESSIVE;
				CLANG_WARN_UNREACHABLE_CODE = YES;
				CLANG_WARN__DUPLICATE_METHOD_MATCH = YES;
				COPY_PHASE_STRIP = NO;
				DEBUG_INFORMATION_FORMAT = "dwarf-with-dsym";
				ENABLE_NS_ASSERTIONS = NO;
				ENABLE_STRICT_OBJC_MSGSEND = YES;
				GCC_C_LANGUAGE_STANDARD = gnu11;
				GCC_NO_COMMON_BLOCKS = YES;
				GCC_WARN_64_TO_32_BIT_CONVERSION = YES;
				GCC_WARN_ABOUT_RETURN_TYPE = YES_ERROR;
				GCC_WARN_UNDECLARED_SELECTOR = YES;
				GCC_WARN_UNINITIALIZED_AUTOS = YES_AGGRESSIVE;
				GCC_WARN_UNUSED_FUNCTION = YES;
				GCC_WARN_UNUSED_VARIABLE = YES;
				IPHONEOS_DEPLOYMENT_TARGET = 16.2;
				MTL_ENABLE_DEBUG_INFO = NO;
				MTL_FAST_MATH = YES;
				SDKROOT = iphoneos;
				SWIFT_COMPILATION_MODE = wholemodule;
				SWIFT_OPTIMIZATION_LEVEL = "-O";
				VALIDATE_PRODUCT = YES;
			};
			name = Release;
		};
		70FDE6A5299285AD00765DD1 /* Debug */ = {
			isa = XCBuildConfiguration;
			buildSettings = {
				ASSETCATALOG_COMPILER_APPICON_NAME = AppIcon;
				ASSETCATALOG_COMPILER_GLOBAL_ACCENT_COLOR_NAME = AccentColor;
				CODE_SIGN_STYLE = Automatic;
				CURRENT_PROJECT_VERSION = 1;
				DEVELOPMENT_TEAM = HA55869WS9;
				GENERATE_INFOPLIST_FILE = YES;
				INFOPLIST_FILE = BoxOffice/Info.plist;
				INFOPLIST_KEY_UIApplicationSupportsIndirectInputEvents = YES;
				INFOPLIST_KEY_UILaunchStoryboardName = LaunchScreen;
				INFOPLIST_KEY_UIMainStoryboardFile = Main;
				INFOPLIST_KEY_UISupportedInterfaceOrientations_iPad = "UIInterfaceOrientationPortrait UIInterfaceOrientationPortraitUpsideDown UIInterfaceOrientationLandscapeLeft UIInterfaceOrientationLandscapeRight";
				INFOPLIST_KEY_UISupportedInterfaceOrientations_iPhone = "UIInterfaceOrientationPortrait UIInterfaceOrientationLandscapeLeft UIInterfaceOrientationLandscapeRight";
				LD_RUNPATH_SEARCH_PATHS = (
					"$(inherited)",
					"@executable_path/Frameworks",
				);
				MARKETING_VERSION = 1.0;
				PRODUCT_BUNDLE_IDENTIFIER = ddunghyun.BoxOffice;
				PRODUCT_NAME = "$(TARGET_NAME)";
				SWIFT_EMIT_LOC_STRINGS = YES;
				SWIFT_VERSION = 5.0;
				TARGETED_DEVICE_FAMILY = "1,2";
			};
			name = Debug;
		};
		70FDE6A6299285AD00765DD1 /* Release */ = {
			isa = XCBuildConfiguration;
			buildSettings = {
				ASSETCATALOG_COMPILER_APPICON_NAME = AppIcon;
				ASSETCATALOG_COMPILER_GLOBAL_ACCENT_COLOR_NAME = AccentColor;
				CODE_SIGN_STYLE = Automatic;
				CURRENT_PROJECT_VERSION = 1;
				DEVELOPMENT_TEAM = HA55869WS9;
				GENERATE_INFOPLIST_FILE = YES;
				INFOPLIST_FILE = BoxOffice/Info.plist;
				INFOPLIST_KEY_UIApplicationSupportsIndirectInputEvents = YES;
				INFOPLIST_KEY_UILaunchStoryboardName = LaunchScreen;
				INFOPLIST_KEY_UIMainStoryboardFile = Main;
				INFOPLIST_KEY_UISupportedInterfaceOrientations_iPad = "UIInterfaceOrientationPortrait UIInterfaceOrientationPortraitUpsideDown UIInterfaceOrientationLandscapeLeft UIInterfaceOrientationLandscapeRight";
				INFOPLIST_KEY_UISupportedInterfaceOrientations_iPhone = "UIInterfaceOrientationPortrait UIInterfaceOrientationLandscapeLeft UIInterfaceOrientationLandscapeRight";
				LD_RUNPATH_SEARCH_PATHS = (
					"$(inherited)",
					"@executable_path/Frameworks",
				);
				MARKETING_VERSION = 1.0;
				PRODUCT_BUNDLE_IDENTIFIER = ddunghyun.BoxOffice;
				PRODUCT_NAME = "$(TARGET_NAME)";
				SWIFT_EMIT_LOC_STRINGS = YES;
				SWIFT_VERSION = 5.0;
				TARGETED_DEVICE_FAMILY = "1,2";
			};
			name = Release;
		};
		70FDE6A8299285AD00765DD1 /* Debug */ = {
			isa = XCBuildConfiguration;
			buildSettings = {
				ALWAYS_EMBED_SWIFT_STANDARD_LIBRARIES = YES;
				BUNDLE_LOADER = "$(TEST_HOST)";
				CODE_SIGN_STYLE = Automatic;
				CURRENT_PROJECT_VERSION = 1;
				DEVELOPMENT_TEAM = HA55869WS9;
				GENERATE_INFOPLIST_FILE = YES;
				IPHONEOS_DEPLOYMENT_TARGET = 16.2;
				MARKETING_VERSION = 1.0;
				PRODUCT_BUNDLE_IDENTIFIER = ddunghyun.BoxOfficeTests;
				PRODUCT_NAME = "$(TARGET_NAME)";
				SWIFT_EMIT_LOC_STRINGS = NO;
				SWIFT_VERSION = 5.0;
				TARGETED_DEVICE_FAMILY = "1,2";
				TEST_HOST = "$(BUILT_PRODUCTS_DIR)/BoxOffice.app/$(BUNDLE_EXECUTABLE_FOLDER_PATH)/BoxOffice";
			};
			name = Debug;
		};
		70FDE6A9299285AD00765DD1 /* Release */ = {
			isa = XCBuildConfiguration;
			buildSettings = {
				ALWAYS_EMBED_SWIFT_STANDARD_LIBRARIES = YES;
				BUNDLE_LOADER = "$(TEST_HOST)";
				CODE_SIGN_STYLE = Automatic;
				CURRENT_PROJECT_VERSION = 1;
				DEVELOPMENT_TEAM = HA55869WS9;
				GENERATE_INFOPLIST_FILE = YES;
				IPHONEOS_DEPLOYMENT_TARGET = 16.2;
				MARKETING_VERSION = 1.0;
				PRODUCT_BUNDLE_IDENTIFIER = ddunghyun.BoxOfficeTests;
				PRODUCT_NAME = "$(TARGET_NAME)";
				SWIFT_EMIT_LOC_STRINGS = NO;
				SWIFT_VERSION = 5.0;
				TARGETED_DEVICE_FAMILY = "1,2";
				TEST_HOST = "$(BUILT_PRODUCTS_DIR)/BoxOffice.app/$(BUNDLE_EXECUTABLE_FOLDER_PATH)/BoxOffice";
			};
			name = Release;
		};
		70FDE6AB299285AD00765DD1 /* Debug */ = {
			isa = XCBuildConfiguration;
			buildSettings = {
				ALWAYS_EMBED_SWIFT_STANDARD_LIBRARIES = YES;
				CODE_SIGN_STYLE = Automatic;
				CURRENT_PROJECT_VERSION = 1;
				DEVELOPMENT_TEAM = HA55869WS9;
				GENERATE_INFOPLIST_FILE = YES;
				MARKETING_VERSION = 1.0;
				PRODUCT_BUNDLE_IDENTIFIER = ddunghyun.BoxOfficeUITests;
				PRODUCT_NAME = "$(TARGET_NAME)";
				SWIFT_EMIT_LOC_STRINGS = NO;
				SWIFT_VERSION = 5.0;
				TARGETED_DEVICE_FAMILY = "1,2";
				TEST_TARGET_NAME = BoxOffice;
			};
			name = Debug;
		};
		70FDE6AC299285AD00765DD1 /* Release */ = {
			isa = XCBuildConfiguration;
			buildSettings = {
				ALWAYS_EMBED_SWIFT_STANDARD_LIBRARIES = YES;
				CODE_SIGN_STYLE = Automatic;
				CURRENT_PROJECT_VERSION = 1;
				DEVELOPMENT_TEAM = HA55869WS9;
				GENERATE_INFOPLIST_FILE = YES;
				MARKETING_VERSION = 1.0;
				PRODUCT_BUNDLE_IDENTIFIER = ddunghyun.BoxOfficeUITests;
				PRODUCT_NAME = "$(TARGET_NAME)";
				SWIFT_EMIT_LOC_STRINGS = NO;
				SWIFT_VERSION = 5.0;
				TARGETED_DEVICE_FAMILY = "1,2";
				TEST_TARGET_NAME = BoxOffice;
			};
			name = Release;
		};
/* End XCBuildConfiguration section */

/* Begin XCConfigurationList section */
		70FDE675299285AC00765DD1 /* Build configuration list for PBXProject "BoxOffice" */ = {
			isa = XCConfigurationList;
			buildConfigurations = (
				70FDE6A2299285AD00765DD1 /* Debug */,
				70FDE6A3299285AD00765DD1 /* Release */,
			);
			defaultConfigurationIsVisible = 0;
			defaultConfigurationName = Release;
		};
		70FDE6A4299285AD00765DD1 /* Build configuration list for PBXNativeTarget "BoxOffice" */ = {
			isa = XCConfigurationList;
			buildConfigurations = (
				70FDE6A5299285AD00765DD1 /* Debug */,
				70FDE6A6299285AD00765DD1 /* Release */,
			);
			defaultConfigurationIsVisible = 0;
			defaultConfigurationName = Release;
		};
		70FDE6A7299285AD00765DD1 /* Build configuration list for PBXNativeTarget "BoxOfficeTests" */ = {
			isa = XCConfigurationList;
			buildConfigurations = (
				70FDE6A8299285AD00765DD1 /* Debug */,
				70FDE6A9299285AD00765DD1 /* Release */,
			);
			defaultConfigurationIsVisible = 0;
			defaultConfigurationName = Release;
		};
		70FDE6AA299285AD00765DD1 /* Build configuration list for PBXNativeTarget "BoxOfficeUITests" */ = {
			isa = XCConfigurationList;
			buildConfigurations = (
				70FDE6AB299285AD00765DD1 /* Debug */,
				70FDE6AC299285AD00765DD1 /* Release */,
			);
			defaultConfigurationIsVisible = 0;
			defaultConfigurationName = Release;
		};
/* End XCConfigurationList section */
	};
	rootObject = 70FDE672299285AC00765DD1 /* Project object */;
}
